
Microsoft Visual Studio Solution File, Format Version 12.00
# Visual Studio Version 16
VisualStudioVersion = 16.0.31105.61
MinimumVisualStudioVersion = 10.0.40219.1
Project("{9A19103F-16F7-4668-BE54-9A1E7A4F7556}") = "CakeShop.Admin", "CakeShop.Admin.csproj", "{C6B48E85-4A80-4C2E-8821-914E32958001}"
EndProject
Global
	GlobalSection(SolutionConfigurationPlatforms) = preSolution
		Debug|Any CPU = Debug|Any CPU
		Release|Any CPU = Release|Any CPU
	EndGlobalSection
	GlobalSection(ProjectConfigurationPlatforms) = postSolution
		{C6B48E85-4A80-4C2E-8821-914E32958001}.Debug|Any CPU.ActiveCfg = Debug|Any CPU
		{C6B48E85-4A80-4C2E-8821-914E32958001}.Debug|Any CPU.Build.0 = Debug|Any CPU
		{C6B48E85-4A80-4C2E-8821-914E32958001}.Release|Any CPU.ActiveCfg = Release|Any CPU
		{C6B48E85-4A80-4C2E-8821-914E32958001}.Release|Any CPU.Build.0 = Release|Any CPU
	EndGlobalSection
	GlobalSection(SolutionProperties) = preSolution
		HideSolutionNode = FALSE
	EndGlobalSection
	GlobalSection(ExtensibilityGlobals) = postSolution
		SolutionGuid = {82814044-8929-4F1D-A9E8-34FB8CDA4980}
	EndGlobalSection
EndGlobal
